
Microsoft Visual Studio Solution File, Format Version 12.00
# Visual Studio Version 16
VisualStudioVersion = 16.0.29609.76
MinimumVisualStudioVersion = 10.0.40219.1
Project("{FAE04EC0-301F-11D3-BF4B-00C04F79EFBC}") = "ex_a", "Laba_graphic_1\ex_a.csproj", "{33339DD0-B3F1-4CBE-A7D3-5772AC560686}"
EndProject
Project("{2150E333-8FDC-42A3-9474-1A3956D46DE8}") = "Lab_1", "Lab_1", "{5155F811-4DD5-49F0-992F-98B144B160E9}"
EndProject
Project("{FAE04EC0-301F-11D3-BF4B-00C04F79EFBC}") = "ex_b", "ex_b\ex_b.csproj", "{CA400A22-7187-4202-8578-CF547312C930}"
EndProject
Global
	GlobalSection(SolutionConfigurationPlatforms) = preSolution
		Debug|Any CPU = Debug|Any CPU
		Release|Any CPU = Release|Any CPU
	EndGlobalSection
	GlobalSection(ProjectConfigurationPlatforms) = postSolution
		{33339DD0-B3F1-4CBE-A7D3-5772AC560686}.Debug|Any CPU.ActiveCfg = Debug|Any CPU
		{33339DD0-B3F1-4CBE-A7D3-5772AC560686}.Debug|Any CPU.Build.0 = Debug|Any CPU
		{33339DD0-B3F1-4CBE-A7D3-5772AC560686}.Release|Any CPU.ActiveCfg = Release|Any CPU
		{33339DD0-B3F1-4CBE-A7D3-5772AC560686}.Release|Any CPU.Build.0 = Release|Any CPU
		{CA400A22-7187-4202-8578-CF547312C930}.Debug|Any CPU.ActiveCfg = Debug|Any CPU
		{CA400A22-7187-4202-8578-CF547312C930}.Debug|Any CPU.Build.0 = Debug|Any CPU
		{CA400A22-7187-4202-8578-CF547312C930}.Release|Any CPU.ActiveCfg = Release|Any CPU
		{CA400A22-7187-4202-8578-CF547312C930}.Release|Any CPU.Build.0 = Release|Any CPU
	EndGlobalSection
	GlobalSection(SolutionProperties) = preSolution
		HideSolutionNode = FALSE
	EndGlobalSection
	GlobalSection(NestedProjects) = preSolution
		{33339DD0-B3F1-4CBE-A7D3-5772AC560686} = {5155F811-4DD5-49F0-992F-98B144B160E9}
		{CA400A22-7187-4202-8578-CF547312C930} = {5155F811-4DD5-49F0-992F-98B144B160E9}
	EndGlobalSection
	GlobalSection(ExtensibilityGlobals) = postSolution
		SolutionGuid = {EBE48DC8-112C-4FAD-B84B-CC5FC0141B7F}
	EndGlobalSection
EndGlobal
