
Microsoft Visual Studio Solution File, Format Version 12.00
# Visual Studio Version 16
VisualStudioVersion = 16.0.29609.76
MinimumVisualStudioVersion = 10.0.40219.1
Project("{FAE04EC0-301F-11D3-BF4B-00C04F79EFBC}") = "newTask", "newTask\newTask.csproj", "{BB7348BB-35DB-4754-B935-4B13FA1AC42C}"
EndProject
Global
	GlobalSection(SolutionConfigurationPlatforms) = preSolution
		Debug|Any CPU = Debug|Any CPU
		Release|Any CPU = Release|Any CPU
	EndGlobalSection
	GlobalSection(ProjectConfigurationPlatforms) = postSolution
		{BB7348BB-35DB-4754-B935-4B13FA1AC42C}.Debug|Any CPU.ActiveCfg = Debug|Any CPU
		{BB7348BB-35DB-4754-B935-4B13FA1AC42C}.Debug|Any CPU.Build.0 = Debug|Any CPU
		{BB7348BB-35DB-4754-B935-4B13FA1AC42C}.Release|Any CPU.ActiveCfg = Release|Any CPU
		{BB7348BB-35DB-4754-B935-4B13FA1AC42C}.Release|Any CPU.Build.0 = Release|Any CPU
	EndGlobalSection
	GlobalSection(SolutionProperties) = preSolution
		HideSolutionNode = FALSE
	EndGlobalSection
	GlobalSection(ExtensibilityGlobals) = postSolution
		SolutionGuid = {2595387A-5369-44AD-B27C-A5AC86A56818}
	EndGlobalSection
EndGlobal
