
Microsoft Visual Studio Solution File, Format Version 12.00
# Visual Studio Version 16
VisualStudioVersion = 16.0.29609.76
MinimumVisualStudioVersion = 10.0.40219.1
Project("{FAE04EC0-301F-11D3-BF4B-00C04F79EFBC}") = "Laba7", "Lab7_OS\Laba7.csproj", "{209A4F51-D7D2-440B-A998-6F6394CE13C8}"
EndProject
Global
	GlobalSection(SolutionConfigurationPlatforms) = preSolution
		Debug|Any CPU = Debug|Any CPU
		Release|Any CPU = Release|Any CPU
	EndGlobalSection
	GlobalSection(ProjectConfigurationPlatforms) = postSolution
		{209A4F51-D7D2-440B-A998-6F6394CE13C8}.Debug|Any CPU.ActiveCfg = Debug|Any CPU
		{209A4F51-D7D2-440B-A998-6F6394CE13C8}.Debug|Any CPU.Build.0 = Debug|Any CPU
		{209A4F51-D7D2-440B-A998-6F6394CE13C8}.Release|Any CPU.ActiveCfg = Release|Any CPU
		{209A4F51-D7D2-440B-A998-6F6394CE13C8}.Release|Any CPU.Build.0 = Release|Any CPU
	EndGlobalSection
	GlobalSection(SolutionProperties) = preSolution
		HideSolutionNode = FALSE
	EndGlobalSection
	GlobalSection(ExtensibilityGlobals) = postSolution
		SolutionGuid = {D0E7AA4E-1475-4205-9707-F80021343B4B}
	EndGlobalSection
EndGlobal
