
Microsoft Visual Studio Solution File, Format Version 12.00
# Visual Studio Version 16
VisualStudioVersion = 16.0.29609.76
MinimumVisualStudioVersion = 10.0.40219.1
Project("{FAE04EC0-301F-11D3-BF4B-00C04F79EFBC}") = "7_1", "7_1\7_1.csproj", "{08229099-6780-4FF0-BBCA-478D54AC1AED}"
EndProject
Global
	GlobalSection(SolutionConfigurationPlatforms) = preSolution
		Debug|Any CPU = Debug|Any CPU
		Release|Any CPU = Release|Any CPU
	EndGlobalSection
	GlobalSection(ProjectConfigurationPlatforms) = postSolution
		{08229099-6780-4FF0-BBCA-478D54AC1AED}.Debug|Any CPU.ActiveCfg = Debug|Any CPU
		{08229099-6780-4FF0-BBCA-478D54AC1AED}.Debug|Any CPU.Build.0 = Debug|Any CPU
		{08229099-6780-4FF0-BBCA-478D54AC1AED}.Release|Any CPU.ActiveCfg = Release|Any CPU
		{08229099-6780-4FF0-BBCA-478D54AC1AED}.Release|Any CPU.Build.0 = Release|Any CPU
	EndGlobalSection
	GlobalSection(SolutionProperties) = preSolution
		HideSolutionNode = FALSE
	EndGlobalSection
	GlobalSection(ExtensibilityGlobals) = postSolution
		SolutionGuid = {0FD45B71-AB40-4254-BB74-76459D62DA85}
	EndGlobalSection
EndGlobal
