
Microsoft Visual Studio Solution File, Format Version 12.00
# Visual Studio Version 16
VisualStudioVersion = 16.0.29609.76
MinimumVisualStudioVersion = 10.0.40219.1
Project("{FAE04EC0-301F-11D3-BF4B-00C04F79EFBC}") = "8_2", "8_2\8_2.csproj", "{C1F9CCFC-2F51-477A-A180-A16131EFADCE}"
EndProject
Global
	GlobalSection(SolutionConfigurationPlatforms) = preSolution
		Debug|Any CPU = Debug|Any CPU
		Release|Any CPU = Release|Any CPU
	EndGlobalSection
	GlobalSection(ProjectConfigurationPlatforms) = postSolution
		{C1F9CCFC-2F51-477A-A180-A16131EFADCE}.Debug|Any CPU.ActiveCfg = Debug|Any CPU
		{C1F9CCFC-2F51-477A-A180-A16131EFADCE}.Debug|Any CPU.Build.0 = Debug|Any CPU
		{C1F9CCFC-2F51-477A-A180-A16131EFADCE}.Release|Any CPU.ActiveCfg = Release|Any CPU
		{C1F9CCFC-2F51-477A-A180-A16131EFADCE}.Release|Any CPU.Build.0 = Release|Any CPU
	EndGlobalSection
	GlobalSection(SolutionProperties) = preSolution
		HideSolutionNode = FALSE
	EndGlobalSection
	GlobalSection(ExtensibilityGlobals) = postSolution
		SolutionGuid = {B530D440-4724-490B-9423-E89C7AA01A15}
	EndGlobalSection
EndGlobal
