
Microsoft Visual Studio Solution File, Format Version 12.00
# Visual Studio Version 16
VisualStudioVersion = 16.0.29609.76
MinimumVisualStudioVersion = 10.0.40219.1
Project("{FAE04EC0-301F-11D3-BF4B-00C04F79EFBC}") = "7_2", "7_2\7_2.csproj", "{35F238AB-8556-4F7E-8F45-97E067C3AAF6}"
EndProject
Global
	GlobalSection(SolutionConfigurationPlatforms) = preSolution
		Debug|Any CPU = Debug|Any CPU
		Release|Any CPU = Release|Any CPU
	EndGlobalSection
	GlobalSection(ProjectConfigurationPlatforms) = postSolution
		{35F238AB-8556-4F7E-8F45-97E067C3AAF6}.Debug|Any CPU.ActiveCfg = Debug|Any CPU
		{35F238AB-8556-4F7E-8F45-97E067C3AAF6}.Debug|Any CPU.Build.0 = Debug|Any CPU
		{35F238AB-8556-4F7E-8F45-97E067C3AAF6}.Release|Any CPU.ActiveCfg = Release|Any CPU
		{35F238AB-8556-4F7E-8F45-97E067C3AAF6}.Release|Any CPU.Build.0 = Release|Any CPU
	EndGlobalSection
	GlobalSection(SolutionProperties) = preSolution
		HideSolutionNode = FALSE
	EndGlobalSection
	GlobalSection(ExtensibilityGlobals) = postSolution
		SolutionGuid = {FDB362B2-C6D8-4606-B7F5-24A3CED61B09}
	EndGlobalSection
EndGlobal
