
Microsoft Visual Studio Solution File, Format Version 12.00
# Visual Studio Version 16
VisualStudioVersion = 16.0.29609.76
MinimumVisualStudioVersion = 10.0.40219.1
Project("{FAE04EC0-301F-11D3-BF4B-00C04F79EFBC}") = "Laba_graphic_13", "Laba_graphic_13\Laba_graphic_13.csproj", "{4F49BD67-2B62-4D12-ABF5-C89EC18750A8}"
EndProject
Global
	GlobalSection(SolutionConfigurationPlatforms) = preSolution
		Debug|Any CPU = Debug|Any CPU
		Release|Any CPU = Release|Any CPU
	EndGlobalSection
	GlobalSection(ProjectConfigurationPlatforms) = postSolution
		{4F49BD67-2B62-4D12-ABF5-C89EC18750A8}.Debug|Any CPU.ActiveCfg = Debug|Any CPU
		{4F49BD67-2B62-4D12-ABF5-C89EC18750A8}.Debug|Any CPU.Build.0 = Debug|Any CPU
		{4F49BD67-2B62-4D12-ABF5-C89EC18750A8}.Release|Any CPU.ActiveCfg = Release|Any CPU
		{4F49BD67-2B62-4D12-ABF5-C89EC18750A8}.Release|Any CPU.Build.0 = Release|Any CPU
	EndGlobalSection
	GlobalSection(SolutionProperties) = preSolution
		HideSolutionNode = FALSE
	EndGlobalSection
	GlobalSection(ExtensibilityGlobals) = postSolution
		SolutionGuid = {6066588B-22A0-4F7F-ACA3-BDE7E885A48D}
	EndGlobalSection
EndGlobal
