
Microsoft Visual Studio Solution File, Format Version 12.00
# Visual Studio Version 16
VisualStudioVersion = 16.0.29609.76
MinimumVisualStudioVersion = 10.0.40219.1
Project("{FAE04EC0-301F-11D3-BF4B-00C04F79EFBC}") = "Laba_graphic_5", "Laba_graphic_5\Laba_graphic_5.csproj", "{AFA11771-1E1B-4F05-AE03-CBC598AAFC16}"
EndProject
Global
	GlobalSection(SolutionConfigurationPlatforms) = preSolution
		Debug|Any CPU = Debug|Any CPU
		Release|Any CPU = Release|Any CPU
	EndGlobalSection
	GlobalSection(ProjectConfigurationPlatforms) = postSolution
		{AFA11771-1E1B-4F05-AE03-CBC598AAFC16}.Debug|Any CPU.ActiveCfg = Debug|Any CPU
		{AFA11771-1E1B-4F05-AE03-CBC598AAFC16}.Debug|Any CPU.Build.0 = Debug|Any CPU
		{AFA11771-1E1B-4F05-AE03-CBC598AAFC16}.Release|Any CPU.ActiveCfg = Release|Any CPU
		{AFA11771-1E1B-4F05-AE03-CBC598AAFC16}.Release|Any CPU.Build.0 = Release|Any CPU
	EndGlobalSection
	GlobalSection(SolutionProperties) = preSolution
		HideSolutionNode = FALSE
	EndGlobalSection
	GlobalSection(ExtensibilityGlobals) = postSolution
		SolutionGuid = {575E919D-C600-4120-B9DF-2A78A2F0AFD5}
	EndGlobalSection
EndGlobal
