
Microsoft Visual Studio Solution File, Format Version 12.00
# Visual Studio Version 16
VisualStudioVersion = 16.0.29609.76
MinimumVisualStudioVersion = 10.0.40219.1
Project("{FAE04EC0-301F-11D3-BF4B-00C04F79EFBC}") = "10_1", "10_1\10_1.csproj", "{0DAD837B-A2AB-423D-A2EE-FE5923249B47}"
EndProject
Global
	GlobalSection(SolutionConfigurationPlatforms) = preSolution
		Debug|Any CPU = Debug|Any CPU
		Release|Any CPU = Release|Any CPU
	EndGlobalSection
	GlobalSection(ProjectConfigurationPlatforms) = postSolution
		{0DAD837B-A2AB-423D-A2EE-FE5923249B47}.Debug|Any CPU.ActiveCfg = Debug|Any CPU
		{0DAD837B-A2AB-423D-A2EE-FE5923249B47}.Debug|Any CPU.Build.0 = Debug|Any CPU
		{0DAD837B-A2AB-423D-A2EE-FE5923249B47}.Release|Any CPU.ActiveCfg = Release|Any CPU
		{0DAD837B-A2AB-423D-A2EE-FE5923249B47}.Release|Any CPU.Build.0 = Release|Any CPU
	EndGlobalSection
	GlobalSection(SolutionProperties) = preSolution
		HideSolutionNode = FALSE
	EndGlobalSection
	GlobalSection(ExtensibilityGlobals) = postSolution
		SolutionGuid = {64E65094-A12F-43E0-8823-D8A77E0CC063}
	EndGlobalSection
EndGlobal
