
Microsoft Visual Studio Solution File, Format Version 12.00
# Visual Studio Version 16
VisualStudioVersion = 16.0.29609.76
MinimumVisualStudioVersion = 10.0.40219.1
Project("{FAE04EC0-301F-11D3-BF4B-00C04F79EFBC}") = "2 лаба-1", "2 лаба-1\2 лаба-1.csproj", "{57887680-77BA-4F5B-AC95-DECC06E99818}"
EndProject
Global
	GlobalSection(SolutionConfigurationPlatforms) = preSolution
		Debug|Any CPU = Debug|Any CPU
		Release|Any CPU = Release|Any CPU
	EndGlobalSection
	GlobalSection(ProjectConfigurationPlatforms) = postSolution
		{57887680-77BA-4F5B-AC95-DECC06E99818}.Debug|Any CPU.ActiveCfg = Debug|Any CPU
		{57887680-77BA-4F5B-AC95-DECC06E99818}.Debug|Any CPU.Build.0 = Debug|Any CPU
		{57887680-77BA-4F5B-AC95-DECC06E99818}.Release|Any CPU.ActiveCfg = Release|Any CPU
		{57887680-77BA-4F5B-AC95-DECC06E99818}.Release|Any CPU.Build.0 = Release|Any CPU
	EndGlobalSection
	GlobalSection(SolutionProperties) = preSolution
		HideSolutionNode = FALSE
	EndGlobalSection
	GlobalSection(ExtensibilityGlobals) = postSolution
		SolutionGuid = {13E86591-1384-457F-B53D-EA7A336C55C3}
	EndGlobalSection
EndGlobal
