
Microsoft Visual Studio Solution File, Format Version 12.00
# Visual Studio Version 16
VisualStudioVersion = 16.0.29609.76
MinimumVisualStudioVersion = 10.0.40219.1
Project("{FAE04EC0-301F-11D3-BF4B-00C04F79EFBC}") = "9_5", "9_5\9_5.csproj", "{E9CF6088-0343-4F93-9BA7-F7A7FFF77AE8}"
EndProject
Global
	GlobalSection(SolutionConfigurationPlatforms) = preSolution
		Debug|Any CPU = Debug|Any CPU
		Release|Any CPU = Release|Any CPU
	EndGlobalSection
	GlobalSection(ProjectConfigurationPlatforms) = postSolution
		{E9CF6088-0343-4F93-9BA7-F7A7FFF77AE8}.Debug|Any CPU.ActiveCfg = Debug|Any CPU
		{E9CF6088-0343-4F93-9BA7-F7A7FFF77AE8}.Debug|Any CPU.Build.0 = Debug|Any CPU
		{E9CF6088-0343-4F93-9BA7-F7A7FFF77AE8}.Release|Any CPU.ActiveCfg = Release|Any CPU
		{E9CF6088-0343-4F93-9BA7-F7A7FFF77AE8}.Release|Any CPU.Build.0 = Release|Any CPU
	EndGlobalSection
	GlobalSection(SolutionProperties) = preSolution
		HideSolutionNode = FALSE
	EndGlobalSection
	GlobalSection(ExtensibilityGlobals) = postSolution
		SolutionGuid = {EDA8F4B7-9ADC-4EB7-BDC3-A7F75D60E78A}
	EndGlobalSection
EndGlobal
