
Microsoft Visual Studio Solution File, Format Version 12.00
# Visual Studio Version 16
VisualStudioVersion = 16.0.29609.76
MinimumVisualStudioVersion = 10.0.40219.1
Project("{FAE04EC0-301F-11D3-BF4B-00C04F79EFBC}") = "10_4", "10_4\10_4.csproj", "{26329D94-A224-484E-8718-DD34FD851377}"
EndProject
Global
	GlobalSection(SolutionConfigurationPlatforms) = preSolution
		Debug|Any CPU = Debug|Any CPU
		Release|Any CPU = Release|Any CPU
	EndGlobalSection
	GlobalSection(ProjectConfigurationPlatforms) = postSolution
		{26329D94-A224-484E-8718-DD34FD851377}.Debug|Any CPU.ActiveCfg = Debug|Any CPU
		{26329D94-A224-484E-8718-DD34FD851377}.Debug|Any CPU.Build.0 = Debug|Any CPU
		{26329D94-A224-484E-8718-DD34FD851377}.Release|Any CPU.ActiveCfg = Release|Any CPU
		{26329D94-A224-484E-8718-DD34FD851377}.Release|Any CPU.Build.0 = Release|Any CPU
	EndGlobalSection
	GlobalSection(SolutionProperties) = preSolution
		HideSolutionNode = FALSE
	EndGlobalSection
	GlobalSection(ExtensibilityGlobals) = postSolution
		SolutionGuid = {86CC66DA-5546-40D9-BF73-028BFCE3A9D1}
	EndGlobalSection
EndGlobal
