
Microsoft Visual Studio Solution File, Format Version 12.00
# Visual Studio Version 16
VisualStudioVersion = 16.0.29609.76
MinimumVisualStudioVersion = 10.0.40219.1
Project("{FAE04EC0-301F-11D3-BF4B-00C04F79EFBC}") = "6_5_1", "6_5_1\6_5_1.csproj", "{E351D80C-200C-406A-8BD1-CD90056F44B9}"
EndProject
Global
	GlobalSection(SolutionConfigurationPlatforms) = preSolution
		Debug|Any CPU = Debug|Any CPU
		Release|Any CPU = Release|Any CPU
	EndGlobalSection
	GlobalSection(ProjectConfigurationPlatforms) = postSolution
		{E351D80C-200C-406A-8BD1-CD90056F44B9}.Debug|Any CPU.ActiveCfg = Debug|Any CPU
		{E351D80C-200C-406A-8BD1-CD90056F44B9}.Debug|Any CPU.Build.0 = Debug|Any CPU
		{E351D80C-200C-406A-8BD1-CD90056F44B9}.Release|Any CPU.ActiveCfg = Release|Any CPU
		{E351D80C-200C-406A-8BD1-CD90056F44B9}.Release|Any CPU.Build.0 = Release|Any CPU
	EndGlobalSection
	GlobalSection(SolutionProperties) = preSolution
		HideSolutionNode = FALSE
	EndGlobalSection
	GlobalSection(ExtensibilityGlobals) = postSolution
		SolutionGuid = {FE06BD25-59C5-4A3A-8A9C-0792CA65E534}
	EndGlobalSection
EndGlobal
