
Microsoft Visual Studio Solution File, Format Version 12.00
# Visual Studio Version 16
VisualStudioVersion = 16.0.29609.76
MinimumVisualStudioVersion = 10.0.40219.1
Project("{FAE04EC0-301F-11D3-BF4B-00C04F79EFBC}") = "9_6_1(6)", "9_6_1(6)\9_6_1(6).csproj", "{5EFA48CB-EDED-4AC4-9244-2ED6656642A6}"
EndProject
Global
	GlobalSection(SolutionConfigurationPlatforms) = preSolution
		Debug|Any CPU = Debug|Any CPU
		Release|Any CPU = Release|Any CPU
	EndGlobalSection
	GlobalSection(ProjectConfigurationPlatforms) = postSolution
		{5EFA48CB-EDED-4AC4-9244-2ED6656642A6}.Debug|Any CPU.ActiveCfg = Debug|Any CPU
		{5EFA48CB-EDED-4AC4-9244-2ED6656642A6}.Debug|Any CPU.Build.0 = Debug|Any CPU
		{5EFA48CB-EDED-4AC4-9244-2ED6656642A6}.Release|Any CPU.ActiveCfg = Release|Any CPU
		{5EFA48CB-EDED-4AC4-9244-2ED6656642A6}.Release|Any CPU.Build.0 = Release|Any CPU
	EndGlobalSection
	GlobalSection(SolutionProperties) = preSolution
		HideSolutionNode = FALSE
	EndGlobalSection
	GlobalSection(ExtensibilityGlobals) = postSolution
		SolutionGuid = {7A1ABDF4-6117-4AA5-92CC-5B9BE16D9953}
	EndGlobalSection
EndGlobal
