
Microsoft Visual Studio Solution File, Format Version 12.00
# Visual Studio Version 16
VisualStudioVersion = 16.0.29609.76
MinimumVisualStudioVersion = 10.0.40219.1
Project("{8BC9CEB8-8B4A-11D0-8D11-00A0C91BC942}") = "Lab_3_ex_1", "Lab_3_ex_1\Lab_3_ex_1.vcxproj", "{EB1E8034-F2D1-4D96-8B97-4C4E7CCDF295}"
EndProject
Global
	GlobalSection(SolutionConfigurationPlatforms) = preSolution
		Debug|x64 = Debug|x64
		Debug|x86 = Debug|x86
		Release|x64 = Release|x64
		Release|x86 = Release|x86
	EndGlobalSection
	GlobalSection(ProjectConfigurationPlatforms) = postSolution
		{EB1E8034-F2D1-4D96-8B97-4C4E7CCDF295}.Debug|x64.ActiveCfg = Debug|x64
		{EB1E8034-F2D1-4D96-8B97-4C4E7CCDF295}.Debug|x64.Build.0 = Debug|x64
		{EB1E8034-F2D1-4D96-8B97-4C4E7CCDF295}.Debug|x86.ActiveCfg = Debug|Win32
		{EB1E8034-F2D1-4D96-8B97-4C4E7CCDF295}.Debug|x86.Build.0 = Debug|Win32
		{EB1E8034-F2D1-4D96-8B97-4C4E7CCDF295}.Release|x64.ActiveCfg = Release|x64
		{EB1E8034-F2D1-4D96-8B97-4C4E7CCDF295}.Release|x64.Build.0 = Release|x64
		{EB1E8034-F2D1-4D96-8B97-4C4E7CCDF295}.Release|x86.ActiveCfg = Release|Win32
		{EB1E8034-F2D1-4D96-8B97-4C4E7CCDF295}.Release|x86.Build.0 = Release|Win32
	EndGlobalSection
	GlobalSection(SolutionProperties) = preSolution
		HideSolutionNode = FALSE
	EndGlobalSection
	GlobalSection(ExtensibilityGlobals) = postSolution
		SolutionGuid = {FF7D4F48-3DFC-4FCF-98A2-51DCD5006867}
	EndGlobalSection
EndGlobal
