
Microsoft Visual Studio Solution File, Format Version 12.00
# Visual Studio Version 16
VisualStudioVersion = 16.0.29609.76
MinimumVisualStudioVersion = 10.0.40219.1
Project("{8BC9CEB8-8B4A-11D0-8D11-00A0C91BC942}") = "Lab_1_ex_2", "Lab_1_ex_2\Lab_1_ex_2.vcxproj", "{DA130548-64D5-4C0A-93D1-7807D70CE6A9}"
EndProject
Global
	GlobalSection(SolutionConfigurationPlatforms) = preSolution
		Debug|x64 = Debug|x64
		Debug|x86 = Debug|x86
		Release|x64 = Release|x64
		Release|x86 = Release|x86
	EndGlobalSection
	GlobalSection(ProjectConfigurationPlatforms) = postSolution
		{DA130548-64D5-4C0A-93D1-7807D70CE6A9}.Debug|x64.ActiveCfg = Debug|x64
		{DA130548-64D5-4C0A-93D1-7807D70CE6A9}.Debug|x64.Build.0 = Debug|x64
		{DA130548-64D5-4C0A-93D1-7807D70CE6A9}.Debug|x86.ActiveCfg = Debug|Win32
		{DA130548-64D5-4C0A-93D1-7807D70CE6A9}.Debug|x86.Build.0 = Debug|Win32
		{DA130548-64D5-4C0A-93D1-7807D70CE6A9}.Release|x64.ActiveCfg = Release|x64
		{DA130548-64D5-4C0A-93D1-7807D70CE6A9}.Release|x64.Build.0 = Release|x64
		{DA130548-64D5-4C0A-93D1-7807D70CE6A9}.Release|x86.ActiveCfg = Release|Win32
		{DA130548-64D5-4C0A-93D1-7807D70CE6A9}.Release|x86.Build.0 = Release|Win32
	EndGlobalSection
	GlobalSection(SolutionProperties) = preSolution
		HideSolutionNode = FALSE
	EndGlobalSection
	GlobalSection(ExtensibilityGlobals) = postSolution
		SolutionGuid = {65B31577-119E-4EBF-BF5F-A17D2B9F7DF2}
	EndGlobalSection
EndGlobal
